// !$*UTF8*$!
{
	archiveVersion = 1;
	classes = {
	};
	objectVersion = 46;
	objects = {

/* Begin PBXBuildFile section */
		BACA96011BD6D1AD0086F5FD /* AppDelegate.swift in Sources */ = {isa = PBXBuildFile; fileRef = BACA96001BD6D1AD0086F5FD /* AppDelegate.swift */; };
		BACA96031BD6D1AD0086F5FD /* ViewController.swift in Sources */ = {isa = PBXBuildFile; fileRef = BACA96021BD6D1AD0086F5FD /* ViewController.swift */; };
		BACA96061BD6D1AD0086F5FD /* Main.storyboard in Resources */ = {isa = PBXBuildFile; fileRef = BACA96041BD6D1AD0086F5FD /* Main.storyboard */; };
		BACA96081BD6D1AD0086F5FD /* Assets.xcassets in Resources */ = {isa = PBXBuildFile; fileRef = BACA96071BD6D1AD0086F5FD /* Assets.xcassets */; };
		BACA960B1BD6D1AD0086F5FD /* LaunchScreen.storyboard in Resources */ = {isa = PBXBuildFile; fileRef = BACA96091BD6D1AD0086F5FD /* LaunchScreen.storyboard */; };
		BACA96161BD6D1AD0086F5FD /* Test1Tests.swift in Sources */ = {isa = PBXBuildFile; fileRef = BACA96151BD6D1AD0086F5FD /* Test1Tests.swift */; };
		BACA96211BD6D1AD0086F5FD /* Test1UITests.swift in Sources */ = {isa = PBXBuildFile; fileRef = BACA96201BD6D1AD0086F5FD /* Test1UITests.swift */; };
/* End PBXBuildFile section */

/* Begin PBXContainerItemProxy section */
		BACA96121BD6D1AD0086F5FD /* PBXContainerItemProxy */ = {
			isa = PBXContainerItemProxy;
			containerPortal = BACA95F51BD6D1AC0086F5FD /* Project object */;
			proxyType = 1;
			remoteGlobalIDString = BACA95FC1BD6D1AD0086F5FD;
			remoteInfo = Test1;
		};
		BACA961D1BD6D1AD0086F5FD /* PBXContainerItemProxy */ = {
			isa = PBXContainerItemProxy;
			containerPortal = BACA95F51BD6D1AC0086F5FD /* Project object */;
			proxyType = 1;
			remoteGlobalIDString = BACA95FC1BD6D1AD0086F5FD;
			remoteInfo = Test1;
		};
/* End PBXContainerItemProxy section */

/* Begin PBXFileReference section */
		BACA95FD1BD6D1AD0086F5FD /* Test1.app */ = {isa = PBXFileReference; explicitFileType = wrapper.application; includeInIndex = 0; path = Test1.app; sourceTree = BUILT_PRODUCTS_DIR; };
		BACA96001BD6D1AD0086F5FD /* AppDelegate.swift */ = {isa = PBXFileReference; lastKnownFileType = sourcecode.swift; path = AppDelegate.swift; sourceTree = "<group>"; };
		BACA96021BD6D1AD0086F5FD /* ViewController.swift */ = {isa = PBXFileReference; lastKnownFileType = sourcecode.swift; path = ViewController.swift; sourceTree = "<group>"; };
		BACA96051BD6D1AD0086F5FD /* Base */ = {isa = PBXFileReference; lastKnownFileType = file.storyboard; name = Base; path = Base.lproj/Main.storyboard; sourceTree = "<group>"; };
		BACA96071BD6D1AD0086F5FD /* Assets.xcassets */ = {isa = PBXFileReference; lastKnownFileType = folder.assetcatalog; path = Assets.xcassets; sourceTree = "<group>"; };
		BACA960A1BD6D1AD0086F5FD /* Base */ = {isa = PBXFileReference; lastKnownFileType = file.storyboard; name = Base; path = Base.lproj/LaunchScreen.storyboard; sourceTree = "<group>"; };
		BACA960C1BD6D1AD0086F5FD /* Info.plist */ = {isa = PBXFileReference; lastKnownFileType = text.plist.xml; path = Info.plist; sourceTree = "<group>"; };
		BACA96111BD6D1AD0086F5FD /* Test1Tests.xctest */ = {isa = PBXFileReference; explicitFileType = wrapper.cfbundle; includeInIndex = 0; path = Test1Tests.xctest; sourceTree = BUILT_PRODUCTS_DIR; };
		BACA96151BD6D1AD0086F5FD /* Test1Tests.swift */ = {isa = PBXFileReference; lastKnownFileType = sourcecode.swift; path = Test1Tests.swift; sourceTree = "<group>"; };
		BACA96171BD6D1AD0086F5FD /* Info.plist */ = {isa = PBXFileReference; lastKnownFileType = text.plist.xml; path = Info.plist; sourceTree = "<group>"; };
		BACA961C1BD6D1AD0086F5FD /* Test1UITests.xctest */ = {isa = PBXFileReference; explicitFileType = wrapper.cfbundle; includeInIndex = 0; path = Test1UITests.xctest; sourceTree = BUILT_PRODUCTS_DIR; };
		BACA96201BD6D1AD0086F5FD /* Test1UITests.swift */ = {isa = PBXFileReference; lastKnownFileType = sourcecode.swift; path = Test1UITests.swift; sourceTree = "<group>"; };
		BACA96221BD6D1AD0086F5FD /* Info.plist */ = {isa = PBXFileReference; lastKnownFileType = text.plist.xml; path = Info.plist; sourceTree = "<group>"; };
/* End PBXFileReference section */

/* Begin PBXFrameworksBuildPhase section */
		BACA95FA1BD6D1AD0086F5FD /* Frameworks */ = {
			isa = PBXFrameworksBuildPhase;
			buildActionMask = 2147483647;
			files = (
			);
			runOnlyForDeploymentPostprocessing = 0;
		};
		BACA960E1BD6D1AD0086F5FD /* Frameworks */ = {
			isa = PBXFrameworksBuildPhase;
			buildActionMask = 2147483647;
			files = (
			);
			runOnlyForDeploymentPostprocessing = 0;
		};
		BACA96191BD6D1AD0086F5FD /* Frameworks */ = {
			isa = PBXFrameworksBuildPhase;
			buildActionMask = 2147483647;
			files = (
			);
			runOnlyForDeploymentPostprocessing = 0;
		};
/* End PBXFrameworksBuildPhase section */

/* Begin PBXGroup section */
		BACA95F41BD6D1AC0086F5FD = {
			isa = PBXGroup;
			children = (
				BACA95FF1BD6D1AD0086F5FD /* Test1 */,
				BACA96141BD6D1AD0086F5FD /* Test1Tests */,
				BACA961F1BD6D1AD0086F5FD /* Test1UITests */,
				BACA95FE1BD6D1AD0086F5FD /* Products */,
			);
			sourceTree = "<group>";
		};
		BACA95FE1BD6D1AD0086F5FD /* Products */ = {
			isa = PBXGroup;
			children = (
				BACA95FD1BD6D1AD0086F5FD /* Test1.app */,
				BACA96111BD6D1AD0086F5FD /* Test1Tests.xctest */,
				BACA961C1BD6D1AD0086F5FD /* Test1UITests.xctest */,
			);
			name = Products;
			sourceTree = "<group>";
		};
		BACA95FF1BD6D1AD0086F5FD /* Test1 */ = {
			isa = PBXGroup;
			children = (
				BACA96001BD6D1AD0086F5FD /* AppDelegate.swift */,
				BACA96021BD6D1AD0086F5FD /* ViewController.swift */,
				BACA96041BD6D1AD0086F5FD /* Main.storyboard */,
				BACA96071BD6D1AD0086F5FD /* Assets.xcassets */,
				BACA96091BD6D1AD0086F5FD /* LaunchScreen.storyboard */,
				BACA960C1BD6D1AD0086F5FD /* Info.plist */,
			);
			path = Test1;
			sourceTree = "<group>";
		};
		BACA96141BD6D1AD0086F5FD /* Test1Tests */ = {
			isa = PBXGroup;
			children = (
				BACA96151BD6D1AD0086F5FD /* Test1Tests.swift */,
				BACA96171BD6D1AD0086F5FD /* Info.plist */,
			);
			path = Test1Tests;
			sourceTree = "<group>";
		};
		BACA961F1BD6D1AD0086F5FD /* Test1UITests */ = {
			isa = PBXGroup;
			children = (
				BACA96201BD6D1AD0086F5FD /* Test1UITests.swift */,
				BACA96221BD6D1AD0086F5FD /* Info.plist */,
			);
			path = Test1UITests;
			sourceTree = "<group>";
		};
/* End PBXGroup section */

/* Begin PBXNativeTarget section */
		BACA95FC1BD6D1AD0086F5FD /* Test1 */ = {
			isa = PBXNativeTarget;
			buildConfigurationList = BACA96251BD6D1AD0086F5FD /* Build configuration list for PBXNativeTarget "Test1" */;
			buildPhases = (
				BACA95F91BD6D1AD0086F5FD /* Sources */,
				BACA95FA1BD6D1AD0086F5FD /* Frameworks */,
				BACA95FB1BD6D1AD0086F5FD /* Resources */,
			);
			buildRules = (
			);
			dependencies = (
			);
			name = Test1;
			productName = Test1;
			productReference = BACA95FD1BD6D1AD0086F5FD /* Test1.app */;
			productType = "com.apple.product-type.application";
		};
		BACA96101BD6D1AD0086F5FD /* Test1Tests */ = {
			isa = PBXNativeTarget;
			buildConfigurationList = BACA96281BD6D1AD0086F5FD /* Build configuration list for PBXNativeTarget "Test1Tests" */;
			buildPhases = (
				BACA960D1BD6D1AD0086F5FD /* Sources */,
				BACA960E1BD6D1AD0086F5FD /* Frameworks */,
				BACA960F1BD6D1AD0086F5FD /* Resources */,
			);
			buildRules = (
			);
			dependencies = (
				BACA96131BD6D1AD0086F5FD /* PBXTargetDependency */,
			);
			name = Test1Tests;
			productName = Test1Tests;
			productReference = BACA96111BD6D1AD0086F5FD /* Test1Tests.xctest */;
			productType = "com.apple.product-type.bundle.unit-test";
		};
		BACA961B1BD6D1AD0086F5FD /* Test1UITests */ = {
			isa = PBXNativeTarget;
			buildConfigurationList = BACA962B1BD6D1AD0086F5FD /* Build configuration list for PBXNativeTarget "Test1UITests" */;
			buildPhases = (
				BACA96181BD6D1AD0086F5FD /* Sources */,
				BACA96191BD6D1AD0086F5FD /* Frameworks */,
				BACA961A1BD6D1AD0086F5FD /* Resources */,
			);
			buildRules = (
			);
			dependencies = (
				BACA961E1BD6D1AD0086F5FD /* PBXTargetDependency */,
			);
			name = Test1UITests;
			productName = Test1UITests;
			productReference = BACA961C1BD6D1AD0086F5FD /* Test1UITests.xctest */;
			productType = "com.apple.product-type.bundle.ui-testing";
		};
/* End PBXNativeTarget section */

/* Begin PBXProject section */
		BACA95F51BD6D1AC0086F5FD /* Project object */ = {
			isa = PBXProject;
			attributes = {
				LastUpgradeCheck = 0700;
				ORGANIZATIONNAME = "Brock Noland";
				TargetAttributes = {
					BACA95FC1BD6D1AD0086F5FD = {
						CreatedOnToolsVersion = 7.0.1;
						DevelopmentTeam = 3KB8286G5H;
					};
					BACA96101BD6D1AD0086F5FD = {
						CreatedOnToolsVersion = 7.0.1;
						TestTargetID = BACA95FC1BD6D1AD0086F5FD;
					};
					BACA961B1BD6D1AD0086F5FD = {
						CreatedOnToolsVersion = 7.0.1;
						TestTargetID = BACA95FC1BD6D1AD0086F5FD;
					};
				};
			};
			buildConfigurationList = BACA95F81BD6D1AC0086F5FD /* Build configuration list for PBXProject "Test1" */;
			compatibilityVersion = "Xcode 3.2";
			developmentRegion = English;
			hasScannedForEncodings = 0;
			knownRegions = (
				en,
				Base,
			);
			mainGroup = BACA95F41BD6D1AC0086F5FD;
			productRefGroup = BACA95FE1BD6D1AD0086F5FD /* Products */;
			projectDirPath = "";
			projectRoot = "";
			targets = (
				BACA95FC1BD6D1AD0086F5FD /* Test1 */,
				BACA96101BD6D1AD0086F5FD /* Test1Tests */,
				BACA961B1BD6D1AD0086F5FD /* Test1UITests */,
			);
		};
/* End PBXProject section */

/* Begin PBXResourcesBuildPhase section */
		BACA95FB1BD6D1AD0086F5FD /* Resources */ = {
			isa = PBXResourcesBuildPhase;
			buildActionMask = 2147483647;
			files = (
				BACA960B1BD6D1AD0086F5FD /* LaunchScreen.storyboard in Resources */,
				BACA96081BD6D1AD0086F5FD /* Assets.xcassets in Resources */,
				BACA96061BD6D1AD0086F5FD /* Main.storyboard in Resources */,
			);
			runOnlyForDeploymentPostprocessing = 0;
		};
		BACA960F1BD6D1AD0086F5FD /* Resources */ = {
			isa = PBXResourcesBuildPhase;
			buildActionMask = 2147483647;
			files = (
			);
			runOnlyForDeploymentPostprocessing = 0;
		};
		BACA961A1BD6D1AD0086F5FD /* Resources */ = {
			isa = PBXResourcesBuildPhase;
			buildActionMask = 2147483647;
			files = (
			);
			runOnlyForDeploymentPostprocessing = 0;
		};
/* End PBXResourcesBuildPhase section */

/* Begin PBXSourcesBuildPhase section */
		BACA95F91BD6D1AD0086F5FD /* Sources */ = {
			isa = PBXSourcesBuildPhase;
			buildActionMask = 2147483647;
			files = (
				BACA96031BD6D1AD0086F5FD /* ViewController.swift in Sources */,
				BACA96011BD6D1AD0086F5FD /* AppDelegate.swift in Sources */,
			);
			runOnlyForDeploymentPostprocessing = 0;
		};
		BACA960D1BD6D1AD0086F5FD /* Sources */ = {
			isa = PBXSourcesBuildPhase;
			buildActionMask = 2147483647;
			files = (
				BACA96161BD6D1AD0086F5FD /* Test1Tests.swift in Sources */,
			);
			runOnlyForDeploymentPostprocessing = 0;
		};
		BACA96181BD6D1AD0086F5FD /* Sources */ = {
			isa = PBXSourcesBuildPhase;
			buildActionMask = 2147483647;
			files = (
				BACA96211BD6D1AD0086F5FD /* Test1UITests.swift in Sources */,
			);
			runOnlyForDeploymentPostprocessing = 0;
		};
/* End PBXSourcesBuildPhase section */

/* Begin PBXTargetDependency section */
		BACA96131BD6D1AD0086F5FD /* PBXTargetDependency */ = {
			isa = PBXTargetDependency;
			target = BACA95FC1BD6D1AD0086F5FD /* Test1 */;
			targetProxy = BACA96121BD6D1AD0086F5FD /* PBXContainerItemProxy */;
		};
		BACA961E1BD6D1AD0086F5FD /* PBXTargetDependency */ = {
			isa = PBXTargetDependency;
			target = BACA95FC1BD6D1AD0086F5FD /* Test1 */;
			targetProxy = BACA961D1BD6D1AD0086F5FD /* PBXContainerItemProxy */;
		};
/* End PBXTargetDependency section */

/* Begin PBXVariantGroup section */
		BACA96041BD6D1AD0086F5FD /* Main.storyboard */ = {
			isa = PBXVariantGroup;
			children = (
				BACA96051BD6D1AD0086F5FD /* Base */,
			);
			name = Main.storyboard;
			sourceTree = "<group>";
		};
		BACA96091BD6D1AD0086F5FD /* LaunchScreen.storyboard */ = {
			isa = PBXVariantGroup;
			children = (
				BACA960A1BD6D1AD0086F5FD /* Base */,
			);
			name = LaunchScreen.storyboard;
			sourceTree = "<group>";
		};
/* End PBXVariantGroup section */

/* Begin XCBuildConfiguration section */
		BACA96231BD6D1AD0086F5FD /* Debug */ = {
			isa = XCBuildConfiguration;
			buildSettings = {
				ALWAYS_SEARCH_USER_PATHS = NO;
				CLANG_CXX_LANGUAGE_STANDARD = "gnu++0x";
				CLANG_CXX_LIBRARY = "libc++";
				CLANG_ENABLE_MODULES = YES;
				CLANG_ENABLE_OBJC_ARC = YES;
				CLANG_WARN_BOOL_CONVERSION = YES;
				CLANG_WARN_CONSTANT_CONVERSION = YES;
				CLANG_WARN_DIRECT_OBJC_ISA_USAGE = YES_ERROR;
				CLANG_WARN_EMPTY_BODY = YES;
				CLANG_WARN_ENUM_CONVERSION = YES;
				CLANG_WARN_INT_CONVERSION = YES;
				CLANG_WARN_OBJC_ROOT_CLASS = YES_ERROR;
				CLANG_WARN_UNREACHABLE_CODE = YES;
				CLANG_WARN__DUPLICATE_METHOD_MATCH = YES;
				"CODE_SIGN_IDENTITY[sdk=iphoneos*]" = "iPhone Developer";
				COPY_PHASE_STRIP = NO;
				DEBUG_INFORMATION_FORMAT = dwarf;
				ENABLE_STRICT_OBJC_MSGSEND = YES;
				ENABLE_TESTABILITY = YES;
				GCC_C_LANGUAGE_STANDARD = gnu99;
				GCC_DYNAMIC_NO_PIC = NO;
				GCC_NO_COMMON_BLOCKS = YES;
				GCC_OPTIMIZATION_LEVEL = 0;
				GCC_PREPROCESSOR_DEFINITIONS = (
					"DEBUG=1",
					"$(inherited)",
				);
				GCC_WARN_64_TO_32_BIT_CONVERSION = YES;
				GCC_WARN_ABOUT_RETURN_TYPE = YES_ERROR;
				GCC_WARN_UNDECLARED_SELECTOR = YES;
				GCC_WARN_UNINITIALIZED_AUTOS = YES_AGGRESSIVE;
				GCC_WARN_UNUSED_FUNCTION = YES;
				GCC_WARN_UNUSED_VARIABLE = YES;
				IPHONEOS_DEPLOYMENT_TARGET = 9.0;
				MTL_ENABLE_DEBUG_INFO = YES;
				ONLY_ACTIVE_ARCH = YES;
				SDKROOT = iphoneos;
				SWIFT_OPTIMIZATION_LEVEL = "-Onone";
				TARGETED_DEVICE_FAMILY = "1,2";
			};
			name = Debug;
		};
		BACA96241BD6D1AD0086F5FD /* Release */ = {
			isa = XCBuildConfiguration;
			buildSettings = {
				ALWAYS_SEARCH_USER_PATHS = NO;
				CLANG_CXX_LANGUAGE_STANDARD = "gnu++0x";
				CLANG_CXX_LIBRARY = "libc++";
				CLANG_ENABLE_MODULES = YES;
				CLANG_ENABLE_OBJC_ARC = YES;
				CLANG_WARN_BOOL_CONVERSION = YES;
				CLANG_WARN_CONSTANT_CONVERSION = YES;
				CLANG_WARN_DIRECT_OBJC_ISA_USAGE = YES_ERROR;
				CLANG_WARN_EMPTY_BODY = YES;
				CLANG_WARN_ENUM_CONVERSION = YES;
				CLANG_WARN_INT_CONVERSION = YES;
				CLANG_WARN_OBJC_ROOT_CLASS = YES_ERROR;
				CLANG_WARN_UNREACHABLE_CODE = YES;
				CLANG_WARN__DUPLICATE_METHOD_MATCH = YES;
				"CODE_SIGN_IDENTITY[sdk=iphoneos*]" = "iPhone Developer";
				COPY_PHASE_STRIP = NO;
				DEBUG_INFORMATION_FORMAT = "dwarf-with-dsym";
				ENABLE_NS_ASSERTIONS = NO;
				ENABLE_STRICT_OBJC_MSGSEND = YES;
				GCC_C_LANGUAGE_STANDARD = gnu99;
				GCC_NO_COMMON_BLOCKS = YES;
				GCC_WARN_64_TO_32_BIT_CONVERSION = YES;
				GCC_WARN_ABOUT_RETURN_TYPE = YES_ERROR;
				GCC_WARN_UNDECLARED_SELECTOR = YES;
				GCC_WARN_UNINITIALIZED_AUTOS = YES_AGGRESSIVE;
				GCC_WARN_UNUSED_FUNCTION = YES;
				GCC_WARN_UNUSED_VARIABLE = YES;
				IPHONEOS_DEPLOYMENT_TARGET = 9.0;
				MTL_ENABLE_DEBUG_INFO = NO;
				SDKROOT = iphoneos;
				TARGETED_DEVICE_FAMILY = "1,2";
				VALIDATE_PRODUCT = YES;
			};
			name = Release;
		};
		BACA96261BD6D1AD0086F5FD /* Debug */ = {
			isa = XCBuildConfiguration;
			buildSettings = {
				ASSETCATALOG_COMPILER_APPICON_NAME = AppIcon;
				CODE_SIGN_IDENTITY = "iPhone Developer";
				"CODE_SIGN_IDENTITY[sdk=iphoneos*]" = "iPhone Developer";
				INFOPLIST_FILE = Test1/Info.plist;
				IPHONEOS_DEPLOYMENT_TARGET = 8.4;
				LD_RUNPATH_SEARCH_PATHS = "$(inherited) @executable_path/Frameworks";
				PRODUCT_BUNDLE_IDENTIFIER = io.phdata.iot.Test1;
				PRODUCT_NAME = "$(TARGET_NAME)";
				PROVISIONING_PROFILE = "";
			};
			name = Debug;
		};
		BACA96271BD6D1AD0086F5FD /* Release */ = {
			isa = XCBuildConfiguration;
			buildSettings = {
				ASSETCATALOG_COMPILER_APPICON_NAME = AppIcon;
				CODE_SIGN_IDENTITY = "iPhone Developer";
				"CODE_SIGN_IDENTITY[sdk=iphoneos*]" = "iPhone Developer";
				INFOPLIST_FILE = Test1/Info.plist;
				IPHONEOS_DEPLOYMENT_TARGET = 8.4;
				LD_RUNPATH_SEARCH_PATHS = "$(inherited) @executable_path/Frameworks";
				PRODUCT_BUNDLE_IDENTIFIER = io.phdata.iot.Test1;
				PRODUCT_NAME = "$(TARGET_NAME)";
				PROVISIONING_PROFILE = "";
			};
			name = Release;
		};
		BACA96291BD6D1AD0086F5FD /* Debug */ = {
			isa = XCBuildConfiguration;
			buildSettings = {
				BUNDLE_LOADER = "$(TEST_HOST)";
				INFOPLIST_FILE = Test1Tests/Info.plist;
				LD_RUNPATH_SEARCH_PATHS = "$(inherited) @executable_path/Frameworks @loader_path/Frameworks";
				PRODUCT_BUNDLE_IDENTIFIER = io.phdata.iot.Test1Tests;
				PRODUCT_NAME = "$(TARGET_NAME)";
				TEST_HOST = "$(BUILT_PRODUCTS_DIR)/Test1.app/Test1";
			};
			name = Debug;
		};
		BACA962A1BD6D1AD0086F5FD /* Release */ = {
			isa = XCBuildConfiguration;
			buildSettings = {
				BUNDLE_LOADER = "$(TEST_HOST)";
				INFOPLIST_FILE = Test1Tests/Info.plist;
				LD_RUNPATH_SEARCH_PATHS = "$(inherited) @executable_path/Frameworks @loader_path/Frameworks";
				PRODUCT_BUNDLE_IDENTIFIER = io.phdata.iot.Test1Tests;
				PRODUCT_NAME = "$(TARGET_NAME)";
				TEST_HOST = "$(BUILT_PRODUCTS_DIR)/Test1.app/Test1";
			};
			name = Release;
		};
		BACA962C1BD6D1AD0086F5FD /* Debug */ = {
			isa = XCBuildConfiguration;
			buildSettings = {
				INFOPLIST_FILE = Test1UITests/Info.plist;
				LD_RUNPATH_SEARCH_PATHS = "$(inherited) @executable_path/Frameworks @loader_path/Frameworks";
				PRODUCT_BUNDLE_IDENTIFIER = io.phdata.iot.Test1UITests;
				PRODUCT_NAME = "$(TARGET_NAME)";
				TEST_TARGET_NAME = Test1;
				USES_XCTRUNNER = YES;
			};
			name = Debug;
		};
		BACA962D1BD6D1AD0086F5FD /* Release */ = {
			isa = XCBuildConfiguration;
			buildSettings = {
				INFOPLIST_FILE = Test1UITests/Info.plist;
				LD_RUNPATH_SEARCH_PATHS = "$(inherited) @executable_path/Frameworks @loader_path/Frameworks";
				PRODUCT_BUNDLE_IDENTIFIER = io.phdata.iot.Test1UITests;
				PRODUCT_NAME = "$(TARGET_NAME)";
				TEST_TARGET_NAME = Test1;
				USES_XCTRUNNER = YES;
			};
			name = Release;
		};
/* End XCBuildConfiguration section */

/* Begin XCConfigurationList section */
		BACA95F81BD6D1AC0086F5FD /* Build configuration list for PBXProject "Test1" */ = {
			isa = XCConfigurationList;
			buildConfigurations = (
				BACA96231BD6D1AD0086F5FD /* Debug */,
				BACA96241BD6D1AD0086F5FD /* Release */,
			);
			defaultConfigurationIsVisible = 0;
			defaultConfigurationName = Release;
		};
		BACA96251BD6D1AD0086F5FD /* Build configuration list for PBXNativeTarget "Test1" */ = {
			isa = XCConfigurationList;
			buildConfigurations = (
				BACA96261BD6D1AD0086F5FD /* Debug */,
				BACA96271BD6D1AD0086F5FD /* Release */,
			);
			defaultConfigurationIsVisible = 0;
		};
		BACA96281BD6D1AD0086F5FD /* Build configuration list for PBXNativeTarget "Test1Tests" */ = {
			isa = XCConfigurationList;
			buildConfigurations = (
				BACA96291BD6D1AD0086F5FD /* Debug */,
				BACA962A1BD6D1AD0086F5FD /* Release */,
			);
			defaultConfigurationIsVisible = 0;
		};
		BACA962B1BD6D1AD0086F5FD /* Build configuration list for PBXNativeTarget "Test1UITests" */ = {
			isa = XCConfigurationList;
			buildConfigurations = (
				BACA962C1BD6D1AD0086F5FD /* Debug */,
				BACA962D1BD6D1AD0086F5FD /* Release */,
			);
			defaultConfigurationIsVisible = 0;
		};
/* End XCConfigurationList section */
	};
	rootObject = BACA95F51BD6D1AC0086F5FD /* Project object */;
}
